<Solution>
  <Project Path="Assembly-CSharp-firstpass.csproj" />
  <Project Path="BuildReportTool.csproj" />
  <Project Path="Assembly-CSharp-Editor.csproj" />
  <Project Path="Google.Android.AppBundle.Editor.csproj" />
  <Project Path="Assembly-CSharp.csproj" />
  <Project Path="IngameDebugConsole.Runtime.csproj" />
  <Project Path="Google.Play.AppUpdate.csproj" />
  <Project Path="Google.Play.Common.csproj" />
  <Project Path="GoogleMobileAds.Editor.csproj" />
  <Project Path="Google.Play.Core.csproj" />
  <Project Path="GoogleMobileAds.Mediation.LiftoffMonetize.Api.csproj" />
  <Project Path="Assembly-CSharp-Editor-firstpass.csproj" />
  <Project Path="GoogleMobileAds.Mediation.LiftoffMonetize.Common.csproj" />
  <Project Path="IngameDebugConsole.Editor.csproj" />
  <Project Path="Google.Play.Review.csproj" />
  <Project Path="GoogleMobileAds.Mediation.LiftoffMonetize.iOS.csproj" />
  <Project Path="GoogleMobileAds.Mediation.LiftoffMonetize.Mediation.csproj" />
  <Project Path="GoogleMobileAds.Mediation.LiftoffMonetize.Android.csproj" />
</Solution>
